<?xml version="1.0" encoding="utf-8"?>
<Project ToolsVersion="4.0" xmlns="http://schemas.microsoft.com/developer/msbuild/2003">
  <ItemGroup>
    <QtRcc Include="Sandbox.qrc" />
  </ItemGroup>
  <ItemGroup>
    <Filter Include="Source">
      <UniqueIdentifier>{6d93cbd6-93b6-4db7-aa2b-b466b6c402f6}</UniqueIdentifier>
    </Filter>
    <Filter Include="Include">
      <UniqueIdentifier>{2f94527b-ac4d-47e6-a745-aa368e04179e}</UniqueIdentifier>
    </Filter>
    <Filter Include="Shaders">
      <UniqueIdentifier>{b62f206d-fb4b-4480-a59f-004095ee8ebd}</UniqueIdentifier>
    </Filter>
    <Filter Include="Textures">
      <UniqueIdentifier>{39612707-3065-4fb9-99af-96a46552b89d}</UniqueIdentifier>
    </Filter>
    <Filter Include="vendor">
      <UniqueIdentifier>{da10c78f-1f55-4fb5-99c5-010feb438c51}</UniqueIdentifier>
    </Filter>
  </ItemGroup>
  <ItemGroup>
    <ClInclude Include="include\Camera.h">
      <Filter>Include</Filter>
    </ClInclude>
    <ClInclude Include="include\lightData.h">
      <Filter>Include</Filter>
    </ClInclude>
    <ClInclude Include="include\ShapeData.h">
      <Filter>Include</Filter>
    </ClInclude>
    <ClInclude Include="include\ShapeGenerator.h">
      <Filter>Include</Filter>
    </ClInclude>
    <ClInclude Include="include\TeapotData.h">
      <Filter>Include</Filter>
    </ClInclude>
    <ClInclude Include="include\Vertex.h">
      <Filter>Include</Filter>
    </ClInclude>
    <ClInclude Include="include\Shader.h">
      <Filter>Include</Filter>
    </ClInclude>
    <ClInclude Include="include\common.h">
      <Filter>Include</Filter>
    </ClInclude>
    <ClInclude Include="include\Renderer.h">
      <Filter>Include</Filter>
    </ClInclude>
    <ClInclude Include="include\Mesh.h">
      <Filter>Include</Filter>
    </ClInclude>
    <ClInclude Include="include\Texture.h">
      <Filter>Include</Filter>
    </ClInclude>
    <ClInclude Include="vendor\qtimgui\QtImGui.h">
      <Filter>vendor</Filter>
    </ClInclude>
    <ClInclude Include="include\SpotLight.h">
      <Filter>Include</Filter>
    </ClInclude>
    <ClInclude Include="include\DirectionalLight.h">
      <Filter>Include</Filter>
    </ClInclude>
    <ClInclude Include="include\Light.h">
      <Filter>Include</Filter>
    </ClInclude>
    <ClInclude Include="include\PointLight.h">
      <Filter>Include</Filter>
    </ClInclude>
    <ClInclude Include="include\VertexBuffer.h">
      <Filter>Include</Filter>
    </ClInclude>
    <ClInclude Include="include\IndexBuffer.h">
      <Filter>Include</Filter>
    </ClInclude>
    <ClInclude Include="include\VertexArray.h">
      <Filter>Include</Filter>
    </ClInclude>
    <ClInclude Include="include\VertexAttribute.h">
      <Filter>Include</Filter>
    </ClInclude>
    <ClInclude Include="include\Model.h">
      <Filter>Include</Filter>
    </ClInclude>
  </ItemGroup>
  <ItemGroup>
    <QtMoc Include="include\DrawWidget.h">
      <Filter>Include</Filter>
    </QtMoc>
    <QtMoc Include="include\SandboxMainWindow.h">
      <Filter>Include</Filter>
    </QtMoc>
    <QtMoc Include="vendor\qtimgui\ImGuiRenderer.h">
      <Filter>vendor</Filter>
    </QtMoc>
  </ItemGroup>
  <ItemGroup>
    <ClCompile Include="source\Camera.cpp">
      <Filter>Source</Filter>
    </ClCompile>
    <ClCompile Include="source\DrawWidget.cpp">
      <Filter>Source</Filter>
    </ClCompile>
    <ClCompile Include="source\main.cpp">
      <Filter>Source</Filter>
    </ClCompile>
    <ClCompile Include="source\SandboxMainWindow.cpp">
      <Filter>Source</Filter>
    </ClCompile>
    <ClCompile Include="source\ShapeGenerator.cpp">
      <Filter>Source</Filter>
    </ClCompile>
    <ClCompile Include="source\Shader.cpp">
      <Filter>Source</Filter>
    </ClCompile>
    <ClCompile Include="source\common.cpp">
      <Filter>Source</Filter>
    </ClCompile>
    <ClCompile Include="source\Renderer.cpp">
      <Filter>Source</Filter>
    </ClCompile>
    <ClCompile Include="source\Mesh.cpp">
      <Filter>Source</Filter>
    </ClCompile>
    <ClCompile Include="source\Texture.cpp">
      <Filter>Source</Filter>
    </ClCompile>
    <ClCompile Include="vendor\qtimgui\ImGuiRenderer.cpp">
      <Filter>vendor</Filter>
    </ClCompile>
    <ClCompile Include="vendor\qtimgui\QtImGui.cpp">
      <Filter>vendor</Filter>
    </ClCompile>
    <ClCompile Include="source\PointLight.cpp">
      <Filter>Source</Filter>
    </ClCompile>
    <ClCompile Include="source\Light.cpp">
      <Filter>Source</Filter>
    </ClCompile>
    <ClCompile Include="source\SpotLight.cpp">
      <Filter>Source</Filter>
    </ClCompile>
    <ClCompile Include="source\DirectionalLight.cpp">
      <Filter>Source</Filter>
    </ClCompile>
    <ClCompile Include="source\VertexBuffer.cpp">
      <Filter>Source</Filter>
    </ClCompile>
    <ClCompile Include="source\IndexBuffer.cpp">
      <Filter>Source</Filter>
    </ClCompile>
    <ClCompile Include="source\VertexArray.cpp">
      <Filter>Source</Filter>
    </ClCompile>
    <ClCompile Include="source\VertexAttribute.cpp">
      <Filter>Source</Filter>
    </ClCompile>
    <ClCompile Include="source\Model.cpp">
      <Filter>Source</Filter>
    </ClCompile>
  </ItemGroup>
  <ItemGroup>
    <None Include="shaders\FragmentShader.glsl">
      <Filter>Shaders</Filter>
    </None>
    <None Include="shaders\FragmentShaderPT.glsl">
      <Filter>Shaders</Filter>
    </None>
    <None Include="shaders\VertexShader.glsl">
      <Filter>Shaders</Filter>
    </None>
    <None Include="shaders\VertexShaderPT.glsl">
      <Filter>Shaders</Filter>
    </None>
    <None Include="shaders\FragmentShaderNoTex.glsl">
      <Filter>Shaders</Filter>
    </None>
    <None Include="shaders\VertexShaderNoTex.glsl">
      <Filter>Shaders</Filter>
    </None>
    <None Include="README.md" />
    <None Include="shaders\FragmentShader1Light.glsl">
      <Filter>Shaders</Filter>
    </None>
    <None Include="shaders\VertexShader1Light.glsl">
      <Filter>Shaders</Filter>
    </None>
    <None Include="shaders\FragmentShaderExtraColor.glsl">
      <Filter>Shaders</Filter>
    </None>
    <None Include="shaders\VertexShaderExtraColor.glsl">
      <Filter>Shaders</Filter>
    </None>
  </ItemGroup>
  <ItemGroup>
    <Image Include="Textures\brick.png">
      <Filter>Textures</Filter>
    </Image>
    <Image Include="GraphicsPad.PNG" />
    <Image Include="Textures\bricks.png">
      <Filter>Textures</Filter>
    </Image>
    <Image Include="Textures\tiles.png">
      <Filter>Textures</Filter>
    </Image>
  </ItemGroup>
</Project>